// !$*UTF8*$!
{
	archiveVersion = 1;
	classes = {
	};
	objectVersion = 50;
	objects = {

/* Begin PBXBuildFile section */
		0428165B2201AF2500CDA7F1 /* icon.png in Resources */ = {isa = PBXBuildFile; fileRef = 0428165A2201AF2500CDA7F1 /* icon.png */; };
		046D62E921F0394700CBEAE2 /* AppDelegate.swift in Sources */ = {isa = PBXBuildFile; fileRef = 046D62E821F0394700CBEAE2 /* AppDelegate.swift */; };
		046D62EB21F0394700CBEAE2 /* ViewController.swift in Sources */ = {isa = PBXBuildFile; fileRef = 046D62EA21F0394700CBEAE2 /* ViewController.swift */; };
		046D62EE21F0394700CBEAE2 /* Main.storyboard in Resources */ = {isa = PBXBuildFile; fileRef = 046D62EC21F0394700CBEAE2 /* Main.storyboard */; };
		046D62F021F0394900CBEAE2 /* Assets.xcassets in Resources */ = {isa = PBXBuildFile; fileRef = 046D62EF21F0394900CBEAE2 /* Assets.xcassets */; };
		046D62F321F0394900CBEAE2 /* LaunchScreen.storyboard in Resources */ = {isa = PBXBuildFile; fileRef = 046D62F121F0394900CBEAE2 /* LaunchScreen.storyboard */; };
		04BA6285225DDF2F009396C4 /* colorCode.swift in Sources */ = {isa = PBXBuildFile; fileRef = 04BA6284225DDF2F009396C4 /* colorCode.swift */; };
		04BA628B225DEA6F009396C4 /* PieGraph.swift in Sources */ = {isa = PBXBuildFile; fileRef = 04BA628A225DEA6F009396C4 /* PieGraph.swift */; };
		58263D44E829DED7C4329D2F /* Pods_RPGlife.framework in Frameworks */ = {isa = PBXBuildFile; fileRef = 37508DDAA3CF8C9E3A0BD884 /* Pods_RPGlife.framework */; };
/* End PBXBuildFile section */

/* Begin PBXFileReference section */
		0428165A2201AF2500CDA7F1 /* icon.png */ = {isa = PBXFileReference; lastKnownFileType = image.png; path = icon.png; sourceTree = SOURCE_ROOT; };
		046D62E521F0394700CBEAE2 /* RPGlife.app */ = {isa = PBXFileReference; explicitFileType = wrapper.application; includeInIndex = 0; path = RPGlife.app; sourceTree = BUILT_PRODUCTS_DIR; };
		046D62E821F0394700CBEAE2 /* AppDelegate.swift */ = {isa = PBXFileReference; lastKnownFileType = sourcecode.swift; path = AppDelegate.swift; sourceTree = "<group>"; };
		046D62EA21F0394700CBEAE2 /* ViewController.swift */ = {isa = PBXFileReference; lastKnownFileType = sourcecode.swift; path = ViewController.swift; sourceTree = "<group>"; };
		046D62ED21F0394700CBEAE2 /* Base */ = {isa = PBXFileReference; lastKnownFileType = file.storyboard; name = Base; path = Base.lproj/Main.storyboard; sourceTree = "<group>"; };
		046D62EF21F0394900CBEAE2 /* Assets.xcassets */ = {isa = PBXFileReference; lastKnownFileType = folder.assetcatalog; path = Assets.xcassets; sourceTree = "<group>"; };
		046D62F221F0394900CBEAE2 /* Base */ = {isa = PBXFileReference; lastKnownFileType = file.storyboard; name = Base; path = Base.lproj/LaunchScreen.storyboard; sourceTree = "<group>"; };
		046D62F421F0394900CBEAE2 /* Info.plist */ = {isa = PBXFileReference; lastKnownFileType = text.plist.xml; path = Info.plist; sourceTree = "<group>"; };
		04BA6284225DDF2F009396C4 /* colorCode.swift */ = {isa = PBXFileReference; lastKnownFileType = sourcecode.swift; path = colorCode.swift; sourceTree = "<group>"; };
		04BA628A225DEA6F009396C4 /* PieGraph.swift */ = {isa = PBXFileReference; lastKnownFileType = sourcecode.swift; path = PieGraph.swift; sourceTree = "<group>"; };
		37508DDAA3CF8C9E3A0BD884 /* Pods_RPGlife.framework */ = {isa = PBXFileReference; explicitFileType = wrapper.framework; includeInIndex = 0; path = Pods_RPGlife.framework; sourceTree = BUILT_PRODUCTS_DIR; };
		6642D5928E77400D0602788F /* Pods-RPGlife.debug.xcconfig */ = {isa = PBXFileReference; includeInIndex = 1; lastKnownFileType = text.xcconfig; name = "Pods-RPGlife.debug.xcconfig"; path = "Pods/Target Support Files/Pods-RPGlife/Pods-RPGlife.debug.xcconfig"; sourceTree = "<group>"; };
		F3CE938209C48CAD1EF13081 /* Pods-RPGlife.release.xcconfig */ = {isa = PBXFileReference; includeInIndex = 1; lastKnownFileType = text.xcconfig; name = "Pods-RPGlife.release.xcconfig"; path = "Pods/Target Support Files/Pods-RPGlife/Pods-RPGlife.release.xcconfig"; sourceTree = "<group>"; };
/* End PBXFileReference section */

/* Begin PBXFrameworksBuildPhase section */
		046D62E221F0394700CBEAE2 /* Frameworks */ = {
			isa = PBXFrameworksBuildPhase;
			buildActionMask = 2147483647;
			files = (
				58263D44E829DED7C4329D2F /* Pods_RPGlife.framework in Frameworks */,
			);
			runOnlyForDeploymentPostprocessing = 0;
		};
/* End PBXFrameworksBuildPhase section */

/* Begin PBXGroup section */
		046D62DC21F0394700CBEAE2 = {
			isa = PBXGroup;
			children = (
				046D62E721F0394700CBEAE2 /* RPGlife */,
				046D62E621F0394700CBEAE2 /* Products */,
				0DA1E95C554C2F155C64863B /* Pods */,
				E49D1CC10C1997D3932F6F24 /* Frameworks */,
			);
			sourceTree = "<group>";
		};
		046D62E621F0394700CBEAE2 /* Products */ = {
			isa = PBXGroup;
			children = (
				046D62E521F0394700CBEAE2 /* RPGlife.app */,
			);
			name = Products;
			sourceTree = "<group>";
		};
		046D62E721F0394700CBEAE2 /* RPGlife */ = {
			isa = PBXGroup;
			children = (
				046D62E821F0394700CBEAE2 /* AppDelegate.swift */,
				0428165A2201AF2500CDA7F1 /* icon.png */,
				046D62EA21F0394700CBEAE2 /* ViewController.swift */,
				04BA628A225DEA6F009396C4 /* PieGraph.swift */,
				046D62EC21F0394700CBEAE2 /* Main.storyboard */,
				046D62EF21F0394900CBEAE2 /* Assets.xcassets */,
				046D62F121F0394900CBEAE2 /* LaunchScreen.storyboard */,
				046D62F421F0394900CBEAE2 /* Info.plist */,
				04BA6284225DDF2F009396C4 /* colorCode.swift */,
			);
			path = RPGlife;
			sourceTree = "<group>";
		};
		0DA1E95C554C2F155C64863B /* Pods */ = {
			isa = PBXGroup;
			children = (
				6642D5928E77400D0602788F /* Pods-RPGlife.debug.xcconfig */,
				F3CE938209C48CAD1EF13081 /* Pods-RPGlife.release.xcconfig */,
			);
			name = Pods;
			sourceTree = "<group>";
		};
		E49D1CC10C1997D3932F6F24 /* Frameworks */ = {
			isa = PBXGroup;
			children = (
				37508DDAA3CF8C9E3A0BD884 /* Pods_RPGlife.framework */,
			);
			name = Frameworks;
			sourceTree = "<group>";
		};
/* End PBXGroup section */

/* Begin PBXNativeTarget section */
		046D62E421F0394700CBEAE2 /* RPGlife */ = {
			isa = PBXNativeTarget;
			buildConfigurationList = 046D62F721F0394900CBEAE2 /* Build configuration list for PBXNativeTarget "RPGlife" */;
			buildPhases = (
				41325E434331B69E3B0A310D /* [CP] Check Pods Manifest.lock */,
				046D62E121F0394700CBEAE2 /* Sources */,
				046D62E221F0394700CBEAE2 /* Frameworks */,
				046D62E321F0394700CBEAE2 /* Resources */,
				6C2F6A3C0D8C347DDD9DF2C3 /* [CP] Embed Pods Frameworks */,
			);
			buildRules = (
			);
			dependencies = (
			);
			name = RPGlife;
			productName = RPGlife;
			productReference = 046D62E521F0394700CBEAE2 /* RPGlife.app */;
			productType = "com.apple.product-type.application";
		};
/* End PBXNativeTarget section */

/* Begin PBXProject section */
		046D62DD21F0394700CBEAE2 /* Project object */ = {
			isa = PBXProject;
			attributes = {
				LastSwiftUpdateCheck = 1010;
				LastUpgradeCheck = 1010;
				ORGANIZATIONNAME = mamoru.ueda;
				TargetAttributes = {
					046D62E421F0394700CBEAE2 = {
						CreatedOnToolsVersion = 10.1;
						LastSwiftMigration = 1020;
					};
				};
			};
			buildConfigurationList = 046D62E021F0394700CBEAE2 /* Build configuration list for PBXProject "RPGlife" */;
			compatibilityVersion = "Xcode 9.3";
			developmentRegion = en;
			hasScannedForEncodings = 0;
			knownRegions = (
				en,
				Base,
			);
			mainGroup = 046D62DC21F0394700CBEAE2;
			productRefGroup = 046D62E621F0394700CBEAE2 /* Products */;
			projectDirPath = "";
			projectRoot = "";
			targets = (
				046D62E421F0394700CBEAE2 /* RPGlife */,
			);
		};
/* End PBXProject section */

/* Begin PBXResourcesBuildPhase section */
		046D62E321F0394700CBEAE2 /* Resources */ = {
			isa = PBXResourcesBuildPhase;
			buildActionMask = 2147483647;
			files = (
				046D62F321F0394900CBEAE2 /* LaunchScreen.storyboard in Resources */,
				046D62F021F0394900CBEAE2 /* Assets.xcassets in Resources */,
				0428165B2201AF2500CDA7F1 /* icon.png in Resources */,
				046D62EE21F0394700CBEAE2 /* Main.storyboard in Resources */,
			);
			runOnlyForDeploymentPostprocessing = 0;
		};
/* End PBXResourcesBuildPhase section */

/* Begin PBXShellScriptBuildPhase section */
		41325E434331B69E3B0A310D /* [CP] Check Pods Manifest.lock */ = {
			isa = PBXShellScriptBuildPhase;
			buildActionMask = 2147483647;
			files = (
			);
			inputPaths = (
				"${PODS_PODFILE_DIR_PATH}/Podfile.lock",
				"${PODS_ROOT}/Manifest.lock",
			);
			name = "[CP] Check Pods Manifest.lock";
			outputPaths = (
				"$(DERIVED_FILE_DIR)/Pods-RPGlife-checkManifestLockResult.txt",
			);
			runOnlyForDeploymentPostprocessing = 0;
			shellPath = /bin/sh;
			shellScript = "diff \"${PODS_PODFILE_DIR_PATH}/Podfile.lock\" \"${PODS_ROOT}/Manifest.lock\" > /dev/null\nif [ $? != 0 ] ; then\n    # print error to STDERR\n    echo \"error: The sandbox is not in sync with the Podfile.lock. Run 'pod install' or update your CocoaPods installation.\" >&2\n    exit 1\nfi\n# This output is used by Xcode 'outputs' to avoid re-running this script phase.\necho \"SUCCESS\" > \"${SCRIPT_OUTPUT_FILE_0}\"\n";
			showEnvVarsInLog = 0;
		};
		6C2F6A3C0D8C347DDD9DF2C3 /* [CP] Embed Pods Frameworks */ = {
			isa = PBXShellScriptBuildPhase;
			buildActionMask = 2147483647;
			files = (
			);
			inputPaths = (
				"${SRCROOT}/Pods/Target Support Files/Pods-RPGlife/Pods-RPGlife-frameworks.sh",
				"${BUILT_PRODUCTS_DIR}/BAFluidView/BAFluidView.framework",
			);
			name = "[CP] Embed Pods Frameworks";
			outputPaths = (
				"${TARGET_BUILD_DIR}/${FRAMEWORKS_FOLDER_PATH}/BAFluidView.framework",
			);
			runOnlyForDeploymentPostprocessing = 0;
			shellPath = /bin/sh;
			shellScript = "\"${SRCROOT}/Pods/Target Support Files/Pods-RPGlife/Pods-RPGlife-frameworks.sh\"\n";
			showEnvVarsInLog = 0;
		};
/* End PBXShellScriptBuildPhase section */

/* Begin PBXSourcesBuildPhase section */
		046D62E121F0394700CBEAE2 /* Sources */ = {
			isa = PBXSourcesBuildPhase;
			buildActionMask = 2147483647;
			files = (
				046D62EB21F0394700CBEAE2 /* ViewController.swift in Sources */,
				04BA628B225DEA6F009396C4 /* PieGraph.swift in Sources */,
				046D62E921F0394700CBEAE2 /* AppDelegate.swift in Sources */,
				04BA6285225DDF2F009396C4 /* colorCode.swift in Sources */,
			);
			runOnlyForDeploymentPostprocessing = 0;
		};
/* End PBXSourcesBuildPhase section */

/* Begin PBXVariantGroup section */
		046D62EC21F0394700CBEAE2 /* Main.storyboard */ = {
			isa = PBXVariantGroup;
			children = (
				046D62ED21F0394700CBEAE2 /* Base */,
			);
			name = Main.storyboard;
			sourceTree = "<group>";
		};
		046D62F121F0394900CBEAE2 /* LaunchScreen.storyboard */ = {
			isa = PBXVariantGroup;
			children = (
				046D62F221F0394900CBEAE2 /* Base */,
			);
			name = LaunchScreen.storyboard;
			sourceTree = "<group>";
		};
/* End PBXVariantGroup section */

/* Begin XCBuildConfiguration section */
		046D62F521F0394900CBEAE2 /* Debug */ = {
			isa = XCBuildConfiguration;
			buildSettings = {
				ALWAYS_SEARCH_USER_PATHS = NO;
				CLANG_ANALYZER_NONNULL = YES;
				CLANG_ANALYZER_NUMBER_OBJECT_CONVERSION = YES_AGGRESSIVE;
				CLANG_CXX_LANGUAGE_STANDARD = "gnu++14";
				CLANG_CXX_LIBRARY = "libc++";
				CLANG_ENABLE_MODULES = YES;
				CLANG_ENABLE_OBJC_ARC = YES;
				CLANG_ENABLE_OBJC_WEAK = YES;
				CLANG_WARN_BLOCK_CAPTURE_AUTORELEASING = YES;
				CLANG_WARN_BOOL_CONVERSION = YES;
				CLANG_WARN_COMMA = YES;
				CLANG_WARN_CONSTANT_CONVERSION = YES;
				CLANG_WARN_DEPRECATED_OBJC_IMPLEMENTATIONS = YES;
				CLANG_WARN_DIRECT_OBJC_ISA_USAGE = YES_ERROR;
				CLANG_WARN_DOCUMENTATION_COMMENTS = YES;
				CLANG_WARN_EMPTY_BODY = YES;
				CLANG_WARN_ENUM_CONVERSION = YES;
				CLANG_WARN_INFINITE_RECURSION = YES;
				CLANG_WARN_INT_CONVERSION = YES;
				CLANG_WARN_NON_LITERAL_NULL_CONVERSION = YES;
				CLANG_WARN_OBJC_IMPLICIT_RETAIN_SELF = YES;
				CLANG_WARN_OBJC_LITERAL_CONVERSION = YES;
				CLANG_WARN_OBJC_ROOT_CLASS = YES_ERROR;
				CLANG_WARN_RANGE_LOOP_ANALYSIS = YES;
				CLANG_WARN_STRICT_PROTOTYPES = YES;
				CLANG_WARN_SUSPICIOUS_MOVE = YES;
				CLANG_WARN_UNGUARDED_AVAILABILITY = YES_AGGRESSIVE;
				CLANG_WARN_UNREACHABLE_CODE = YES;
				CLANG_WARN__DUPLICATE_METHOD_MATCH = YES;
				CODE_SIGN_IDENTITY = "iPhone Developer";
				COPY_PHASE_STRIP = NO;
				DEBUG_INFORMATION_FORMAT = dwarf;
				ENABLE_STRICT_OBJC_MSGSEND = YES;
				ENABLE_TESTABILITY = YES;
				GCC_C_LANGUAGE_STANDARD = gnu11;
				GCC_DYNAMIC_NO_PIC = NO;
				GCC_NO_COMMON_BLOCKS = YES;
				GCC_OPTIMIZATION_LEVEL = 0;
				GCC_PREPROCESSOR_DEFINITIONS = (
					"DEBUG=1",
					"$(inherited)",
				);
				GCC_WARN_64_TO_32_BIT_CONVERSION = YES;
				GCC_WARN_ABOUT_RETURN_TYPE = YES_ERROR;
				GCC_WARN_UNDECLARED_SELECTOR = YES;
				GCC_WARN_UNINITIALIZED_AUTOS = YES_AGGRESSIVE;
				GCC_WARN_UNUSED_FUNCTION = YES;
				GCC_WARN_UNUSED_VARIABLE = YES;
				IPHONEOS_DEPLOYMENT_TARGET = 12.1;
				MTL_ENABLE_DEBUG_INFO = INCLUDE_SOURCE;
				MTL_FAST_MATH = YES;
				ONLY_ACTIVE_ARCH = YES;
				SDKROOT = iphoneos;
				SWIFT_ACTIVE_COMPILATION_CONDITIONS = DEBUG;
				SWIFT_OPTIMIZATION_LEVEL = "-Onone";
			};
			name = Debug;
		};
		046D62F621F0394900CBEAE2 /* Release */ = {
			isa = XCBuildConfiguration;
			buildSettings = {
				ALWAYS_SEARCH_USER_PATHS = NO;
				CLANG_ANALYZER_NONNULL = YES;
				CLANG_ANALYZER_NUMBER_OBJECT_CONVERSION = YES_AGGRESSIVE;
				CLANG_CXX_LANGUAGE_STANDARD = "gnu++14";
				CLANG_CXX_LIBRARY = "libc++";
				CLANG_ENABLE_MODULES = YES;
				CLANG_ENABLE_OBJC_ARC = YES;
				CLANG_ENABLE_OBJC_WEAK = YES;
				CLANG_WARN_BLOCK_CAPTURE_AUTORELEASING = YES;
				CLANG_WARN_BOOL_CONVERSION = YES;
				CLANG_WARN_COMMA = YES;
				CLANG_WARN_CONSTANT_CONVERSION = YES;
				CLANG_WARN_DEPRECATED_OBJC_IMPLEMENTATIONS = YES;
				CLANG_WARN_DIRECT_OBJC_ISA_USAGE = YES_ERROR;
				CLANG_WARN_DOCUMENTATION_COMMENTS = YES;
				CLANG_WARN_EMPTY_BODY = YES;
				CLANG_WARN_ENUM_CONVERSION = YES;
				CLANG_WARN_INFINITE_RECURSION = YES;
				CLANG_WARN_INT_CONVERSION = YES;
				CLANG_WARN_NON_LITERAL_NULL_CONVERSION = YES;
				CLANG_WARN_OBJC_IMPLICIT_RETAIN_SELF = YES;
				CLANG_WARN_OBJC_LITERAL_CONVERSION = YES;
				CLANG_WARN_OBJC_ROOT_CLASS = YES_ERROR;
				CLANG_WARN_RANGE_LOOP_ANALYSIS = YES;
				CLANG_WARN_STRICT_PROTOTYPES = YES;
				CLANG_WARN_SUSPICIOUS_MOVE = YES;
				CLANG_WARN_UNGUARDED_AVAILABILITY = YES_AGGRESSIVE;
				CLANG_WARN_UNREACHABLE_CODE = YES;
				CLANG_WARN__DUPLICATE_METHOD_MATCH = YES;
				CODE_SIGN_IDENTITY = "iPhone Developer";
				COPY_PHASE_STRIP = NO;
				DEBUG_INFORMATION_FORMAT = "dwarf-with-dsym";
				ENABLE_NS_ASSERTIONS = NO;
				ENABLE_STRICT_OBJC_MSGSEND = YES;
				GCC_C_LANGUAGE_STANDARD = gnu11;
				GCC_NO_COMMON_BLOCKS = YES;
				GCC_WARN_64_TO_32_BIT_CONVERSION = YES;
				GCC_WARN_ABOUT_RETURN_TYPE = YES_ERROR;
				GCC_WARN_UNDECLARED_SELECTOR = YES;
				GCC_WARN_UNINITIALIZED_AUTOS = YES_AGGRESSIVE;
				GCC_WARN_UNUSED_FUNCTION = YES;
				GCC_WARN_UNUSED_VARIABLE = YES;
				IPHONEOS_DEPLOYMENT_TARGET = 12.1;
				MTL_ENABLE_DEBUG_INFO = NO;
				MTL_FAST_MATH = YES;
				SDKROOT = iphoneos;
				SWIFT_COMPILATION_MODE = wholemodule;
				SWIFT_OPTIMIZATION_LEVEL = "-O";
				VALIDATE_PRODUCT = YES;
			};
			name = Release;
		};
		046D62F821F0394900CBEAE2 /* Debug */ = {
			isa = XCBuildConfiguration;
			baseConfigurationReference = 6642D5928E77400D0602788F /* Pods-RPGlife.debug.xcconfig */;
			buildSettings = {
				ASSETCATALOG_COMPILER_APPICON_NAME = AppIcon;
				CODE_SIGN_IDENTITY = "iPhone Developer";
				CODE_SIGN_STYLE = Automatic;
				DEVELOPMENT_TEAM = 9RWL9BWXDB;
				INFOPLIST_FILE = RPGlife/Info.plist;
				IPHONEOS_DEPLOYMENT_TARGET = 12.1;
				LD_RUNPATH_SEARCH_PATHS = "$(inherited) @executable_path/Frameworks";
				PRODUCT_BUNDLE_IDENTIFIER = com.mamo.WorkManager;
				PRODUCT_NAME = "$(TARGET_NAME)";
				PROVISIONING_PROFILE_SPECIFIER = "";
				SWIFT_VERSION = 5.0;
				TARGETED_DEVICE_FAMILY = "1,2";
			};
			name = Debug;
		};
		046D62F921F0394900CBEAE2 /* Release */ = {
			isa = XCBuildConfiguration;
			baseConfigurationReference = F3CE938209C48CAD1EF13081 /* Pods-RPGlife.release.xcconfig */;
			buildSettings = {
				ASSETCATALOG_COMPILER_APPICON_NAME = AppIcon;
				CODE_SIGN_IDENTITY = "iPhone Developer";
				CODE_SIGN_STYLE = Automatic;
				DEVELOPMENT_TEAM = 9RWL9BWXDB;
				INFOPLIST_FILE = RPGlife/Info.plist;
				IPHONEOS_DEPLOYMENT_TARGET = 12.1;
				LD_RUNPATH_SEARCH_PATHS = "$(inherited) @executable_path/Frameworks";
				PRODUCT_BUNDLE_IDENTIFIER = com.mamo.WorkManager;
				PRODUCT_NAME = "$(TARGET_NAME)";
				PROVISIONING_PROFILE_SPECIFIER = "";
				SWIFT_VERSION = 5.0;
				TARGETED_DEVICE_FAMILY = "1,2";
			};
			name = Release;
		};
/* End XCBuildConfiguration section */

/* Begin XCConfigurationList section */
		046D62E021F0394700CBEAE2 /* Build configuration list for PBXProject "RPGlife" */ = {
			isa = XCConfigurationList;
			buildConfigurations = (
				046D62F521F0394900CBEAE2 /* Debug */,
				046D62F621F0394900CBEAE2 /* Release */,
			);
			defaultConfigurationIsVisible = 0;
			defaultConfigurationName = Release;
		};
		046D62F721F0394900CBEAE2 /* Build configuration list for PBXNativeTarget "RPGlife" */ = {
			isa = XCConfigurationList;
			buildConfigurations = (
				046D62F821F0394900CBEAE2 /* Debug */,
				046D62F921F0394900CBEAE2 /* Release */,
			);
			defaultConfigurationIsVisible = 0;
			defaultConfigurationName = Release;
		};
/* End XCConfigurationList section */
	};
	rootObject = 046D62DD21F0394700CBEAE2 /* Project object */;
}
